
Microsoft Visual Studio Solution File, Format Version 12.00
# Visual Studio Version 16
VisualStudioVersion = 16.0.29613.14
MinimumVisualStudioVersion = 10.0.40219.1
Project("{2150E333-8FDC-42A3-9474-1A3956D46DE8}") = "ITraceFiles", "ITraceFiles", "{A1EC1918-2611-41A6-BF0D-D6887F76AC8C}"
EndProject
Project("{FAE04EC0-301F-11D3-BF4B-00C04F79EFBC}") = "RobotNameGenerator", "RobotNameGenerator\RobotNameGenerator.csproj", "{7393332E-89C9-4A9F-B157-654DE170636F}"
EndProject
Project("{FAE04EC0-301F-11D3-BF4B-00C04F79EFBC}") = "DebugWpf", "DebugWpf\DebugWpf.csproj", "{B0C286CE-F060-4395-BDA7-353944AF9260}"
EndProject
Project("{9A19103F-16F7-4668-BE54-9A1E7A4F7556}") = "DebugConsole", "DebugConsole\DebugConsole.csproj", "{D30E10CA-A532-47DB-8FBA-9145EAA0297C}"
EndProject
Global
	GlobalSection(SolutionConfigurationPlatforms) = preSolution
		Debug|Any CPU = Debug|Any CPU
		Release|Any CPU = Release|Any CPU
	EndGlobalSection
	GlobalSection(ProjectConfigurationPlatforms) = postSolution
		{7393332E-89C9-4A9F-B157-654DE170636F}.Debug|Any CPU.ActiveCfg = Debug|Any CPU
		{7393332E-89C9-4A9F-B157-654DE170636F}.Debug|Any CPU.Build.0 = Debug|Any CPU
		{7393332E-89C9-4A9F-B157-654DE170636F}.Release|Any CPU.ActiveCfg = Release|Any CPU
		{7393332E-89C9-4A9F-B157-654DE170636F}.Release|Any CPU.Build.0 = Release|Any CPU
		{B0C286CE-F060-4395-BDA7-353944AF9260}.Debug|Any CPU.ActiveCfg = Debug|Any CPU
		{B0C286CE-F060-4395-BDA7-353944AF9260}.Debug|Any CPU.Build.0 = Debug|Any CPU
		{B0C286CE-F060-4395-BDA7-353944AF9260}.Release|Any CPU.ActiveCfg = Release|Any CPU
		{B0C286CE-F060-4395-BDA7-353944AF9260}.Release|Any CPU.Build.0 = Release|Any CPU
		{D30E10CA-A532-47DB-8FBA-9145EAA0297C}.Debug|Any CPU.ActiveCfg = Debug|Any CPU
		{D30E10CA-A532-47DB-8FBA-9145EAA0297C}.Debug|Any CPU.Build.0 = Debug|Any CPU
		{D30E10CA-A532-47DB-8FBA-9145EAA0297C}.Release|Any CPU.ActiveCfg = Release|Any CPU
		{D30E10CA-A532-47DB-8FBA-9145EAA0297C}.Release|Any CPU.Build.0 = Release|Any CPU
	EndGlobalSection
	GlobalSection(SolutionProperties) = preSolution
		HideSolutionNode = FALSE
	EndGlobalSection
	GlobalSection(ExtensibilityGlobals) = postSolution
		SolutionGuid = {C8C17981-3A52-4BDE-9005-91C3A0DE0C4A}
	EndGlobalSection
EndGlobal
