
Microsoft Visual Studio Solution File, Format Version 12.00
# Visual Studio Version 16
VisualStudioVersion = 16.0.29613.14
MinimumVisualStudioVersion = 10.0.40219.1
Project("{2150E333-8FDC-42A3-9474-1A3956D46DE8}") = "Master", "Master", "{A1EC1918-2611-41A6-BF0D-D6887F76AC8C}"
	ProjectSection(SolutionItems) = preProject
		Where-Is-The-Sample-Code.txt = Where-Is-The-Sample-Code.txt
	EndProjectSection
EndProject
Global
	GlobalSection(SolutionProperties) = preSolution
		HideSolutionNode = FALSE
	EndGlobalSection
	GlobalSection(ExtensibilityGlobals) = postSolution
		SolutionGuid = {C8C17981-3A52-4BDE-9005-91C3A0DE0C4A}
	EndGlobalSection
EndGlobal
